
Microsoft Visual Studio Solution File, Format Version 12.00
# Visual Studio 2017
Project("{FAE04EC0-301F-11D3-BF4B-00C04F79EFBC}") = "PongCurseWork2018", "PongCurseWork2018.csproj", "{C95CDA88-46C5-EDA9-1816-323CCE24CCBE}"
EndProject
Global
	GlobalSection(SolutionConfigurationPlatforms) = preSolution
		Debug|Any CPU = Debug|Any CPU
		Release|Any CPU = Release|Any CPU
	EndGlobalSection
	GlobalSection(ProjectConfigurationPlatforms) = postSolution
		{C95CDA88-46C5-EDA9-1816-323CCE24CCBE}.Debug|Any CPU.ActiveCfg = Debug|Any CPU
		{C95CDA88-46C5-EDA9-1816-323CCE24CCBE}.Debug|Any CPU.Build.0 = Debug|Any CPU
		{C95CDA88-46C5-EDA9-1816-323CCE24CCBE}.Release|Any CPU.ActiveCfg = Release|Any CPU
		{C95CDA88-46C5-EDA9-1816-323CCE24CCBE}.Release|Any CPU.Build.0 = Release|Any CPU
	EndGlobalSection
	GlobalSection(SolutionProperties) = preSolution
		HideSolutionNode = FALSE
	EndGlobalSection
EndGlobal
